{
    "version": "0.5",
    "requires": [
        "zstd/1.5.5#1f239731dc45147c7fc2f54bfbde73df%1715599909.17",
        "zlib/1.3.1#b8bc2603263cf7eccbd6e17e66b0ed76%1733936244.862",
        "xz_utils/5.4.5#b885d1d79c9d30cff3803f7f551dbe66%1724318972.064",
        "xorg/system#98f82cb669e4ebc6b4d9d8a4f3f1faf4%1725460968.361",
        "xkeyboard-config/system#57dd5c08e72ab06bc2ee0e756c0a2c41%1703110621.907",
        "xkbcommon/1.6.0#dababe41c183634d88ad56ef4740c045%1714157587.792",
        "wayland/1.22.0#88ba0706e8a04d2dc22b35f40417c5fe%1732121187.309",
        "utfcpp/4.0.1#e879ce0ad3e77ff6e04713ada5549655%1722968965.538",
        "stb/cci.20230920#ed79bd361e974a99137f214efb117eef%1720366013.319",
        "spdlog/1.15.0#da21f74dd84627fa68601c4e3b9c3f00%1731353167.297",
        "sdl_image/2.8.2#f2b59797c5cbd764a84b1eed104c6c97%1738678078.152",
        "sdl/2.30.9#4cb4a999c0687bdd2d98192d74759013%1732864960.756",
        "rapidjson/cci.20230929#8dc0392af2b3aaea7312095f0ba53467%1705070242.903",
        "range-v3/0.12.0#4c05d91d7b40e6b91b44b5345ac64408%1689218196.637",
        "pugixml/1.14#c6afdcf73d71858303d8260b0d76ff91%1696206310.014",
        "poly2tri/cci.20130502#6f2ab4d3b3c07dc8d0b6282c14521b22%1696960968.366",
        "opengl/system#7c02ea6ef926fd04844af53622a30541%1730805494.23",
        "openddl-parser/0.5.1#1ed71b6fc636be990a506c802bf64831%1695253156.782",
        "minizip/1.2.13#75d20b6a37ef70126334467f61acadde%1694478425.47",
        "libxml2/2.13.4#72b3bfba0c37dfe22f20c587cc468f4c%1726875222.855",
        "libwebp/1.3.2#52f69c4a31c5cf033fdd9230d77a8e38%1694806992.059",
        "libunwind/1.8.0#045502d366b4ce2bc52a492648e62d2b%1711959369.934",
        "libtiff/4.6.0#1979c297d270098f5adbb0974fb818d3%1736266116.64",
        "libpng/1.6.46#1466323311c3c7369d68a2ea8fe6d8a1%1738012936.561",
        "libjpeg/9e#ebca87d1efc798db99cc9bbe2297679a%1723665906.622",
        "libiconv/1.17#1ae2f60ab5d08de1643a22a81b360c59%1737639926.448",
        "libffi/3.4.4#72cccac6139293b6e97ec9cd676547ff%1712271679.608",
        "libdeflate/1.22#f95aebe763153ccbc4cc76c023e42e5a%1728201690.347",
        "libbacktrace/cci.20210118#a7691bfccd8caaf66309df196790a5a1%1722218217.276",
        "libalsa/1.2.10#e64d5e1ced869a2f676145bab4f4a181%1724146566.895",
        "kuba-zip/0.3.0#cac9d58fac5e8d16395edbdcda39cd7c%1702080794.406",
        "jbig/20160605#2d29fa02aacd76902e0d2cbbc24631ef%1676066289.194",
        "imgui/1.91.5#cd822178ea4f7afc6a98e63dedba1f38%1731047649.665",
        "glm/1.0.1#94392c53a527f7d830119b84fe80c754%1713951421.775",
        "glad/0.1.36#c926453afdd9d5f72cc4ee6a8fff7d73%1678839632.23",
        "fmt/11.0.2#b4a24d70b93466b9b508ddb7b014643b%1735899162.196",
        "expat/2.6.4#635539330b990d8543d896d34bdbfe9f%1731016681.341",
        "entt/3.13.2#f0178a3ade649ded97cc12a4d68afb5c%1723534091.381",
        "egl/system#068ac3037d8cf01f768d0e001e6dcd76%1681426530.637",
        "draco/1.5.6#c4fd529402e7954b0ed2305a386b0973%1681231072.069",
        "clipper/6.4.2#8b2db6cabf546e0e937d75dd8b0d4b6d%1674249069.714",
        "bzip2/1.0.8#d00dac990f08d991998d624be81a9526%1724661266.998",
        "boost/1.86.0#ce76e7477e466d7d8cbcf738c5d64175%1736197454.755",
        "assimp/5.4.3#9905e754444e4b0acf1478c7eb4390fc%1728936466.143"
    ],
    "build_requires": [
        "zlib/1.3.1#b8bc2603263cf7eccbd6e17e66b0ed76%1733936244.862",
        "wayland-protocols/1.33#ff1b6deb00cb3ddd949261217588a4de%1725279251.597",
        "wayland/1.22.0#88ba0706e8a04d2dc22b35f40417c5fe%1732121187.309",
        "pkgconf/2.2.0#6462942a22803086372db44689ba825f%1713364853.749",
        "pkgconf/2.1.0#27f44583701117b571307cf5b5fe5605%1701537936.436",
        "ninja/1.12.1#fd583651bf0c6a901943495d49878803%1724079877.609",
        "meson/1.6.0#df190c5b0592572e6f5a1b05999e7e6d%1729471712.809",
        "meson/1.3.2#26ce8a76a36cc275cdfee1d757bc6561%1726730118.251",
        "meson/1.3.0#39e72c134c60664acd1368390f663f85%1726730116.956",
        "meson/1.2.2#21b73818ba96d9eea465b310b5bbc993%1726730120.212",
        "m4/1.4.19#b38ced39a01e31fef5435bc634461fd2%1700758725.451",
        "libxml2/2.13.4#72b3bfba0c37dfe22f20c587cc468f4c%1726875222.855",
        "libtool/2.4.7#08316dad5c72c541ed21e039e4cf217b%1702300906.107",
        "libiconv/1.17#1ae2f60ab5d08de1643a22a81b360c59%1737639926.448",
        "libffi/3.4.4#72cccac6139293b6e97ec9cd676547ff%1712271679.608",
        "gnu-config/cci.20210814#dc430d754f465e8c74463019672fb97b%1701248168.479",
        "flex/2.6.4#e35bc44b3fcbcd661e0af0dc5b5b1ad4%1674818991.113",
        "expat/2.6.4#635539330b990d8543d896d34bdbfe9f%1731016681.341",
        "cmake/3.31.5#e3bab375e96b9be619fd62f6e406c5cf%1739197479.641",
        "bison/3.8.2#ed1ba0c42d2ab7ab64fc3a62e9ecc673%1688556312.342",
        "b2/5.2.1#91bc73931a0acb655947a81569ed8b80%1718416612.241",
        "automake/1.16.5#058bda3e21c36c9aa8425daf3c1faf50%1688481772.751",
        "autoconf/2.71#f9307992909d7fb3df459340f1932809%1711983104.648"
    ],
    "python_requires": [],
    "overrides": {
        "sdl/[~2.30]": [
            "sdl/2.30.9"
        ],
        "sdl/2.28.3": [
            "sdl/[~2.30]"
        ]
    },
    "config_requires": []
}